{
  "name": "run-js-on-input",
  "version": "1.0.0",
  "lockfileVersion": 1,
  "requires": true,
  "dependencies": {
    "commander": {
      "version": "4.1.0",
      "resolved": "https://registry.npmjs.org/commander/-/commander-4.1.0.tgz",
      "integrity": "sha512-NIQrwvv9V39FHgGFm36+U9SMQzbiHvU79k+iADraJTpmrFFfx7Ds0IvDoAdZsDrknlkRk14OYoWXb57uTh7/sw=="
    },
    "optional-js": {
      "version": "2.1.1",
      "resolved": "https://registry.npmjs.org/optional-js/-/optional-js-2.1.1.tgz",
      "integrity": "sha512-mUS4bDngcD5kKzzRUd1HVQkr9Lzzby3fSrrPR9wOHhQiyYo+hDS5NVli5YQzGjQRQ15k5Sno4xH9pfykJdeEUA=="
    }
  }
}
